Microsoft Visual Studio Solution File, Format Version 7.00
Project("{FAE04EC0-301F-11D3-BF4B-00C04F79EFBC}") = "EmbeddedResources1", "EmbeddedResources1.csproj", "{E2FCAF32-3970-46CD-AF17-9577C829C611}"
EndProject
Global
	GlobalSection(SolutionConfiguration) = preSolution
		ConfigName.0 = Debug
		ConfigName.1 = Release
	EndGlobalSection
	GlobalSection(ProjectDependencies) = postSolution
	EndGlobalSection
	GlobalSection(ProjectConfiguration) = postSolution
		{E2FCAF32-3970-46CD-AF17-9577C829C611}.Debug.ActiveCfg = Debug|.NET
		{E2FCAF32-3970-46CD-AF17-9577C829C611}.Debug.Build.0 = Debug|.NET
		{E2FCAF32-3970-46CD-AF17-9577C829C611}.Release.ActiveCfg = Release|.NET
		{E2FCAF32-3970-46CD-AF17-9577C829C611}.Release.Build.0 = Release|.NET
	EndGlobalSection
	GlobalSection(ExtensibilityGlobals) = postSolution
	EndGlobalSection
	GlobalSection(ExtensibilityAddIns) = postSolution
	EndGlobalSection
EndGlobal
